
Microsoft Visual Studio Solution File, Format Version 12.00
# Visual Studio Version 16
VisualStudioVersion = 16.0.31313.79
MinimumVisualStudioVersion = 10.0.40219.1
Project("{FAE04EC0-301F-11D3-BF4B-00C04F79EFBC}") = "Exercicio_AtribuicoesDeVariaveis", "Exercicio_AtribuicoesDeVariaveis.csproj", "{FD388391-E5FD-4D45-9C88-078F42345E6E}"
EndProject
Global
	GlobalSection(SolutionConfigurationPlatforms) = preSolution
		Debug|Any CPU = Debug|Any CPU
		Release|Any CPU = Release|Any CPU
	EndGlobalSection
	GlobalSection(ProjectConfigurationPlatforms) = postSolution
		{FD388391-E5FD-4D45-9C88-078F42345E6E}.Debug|Any CPU.ActiveCfg = Debug|Any CPU
		{FD388391-E5FD-4D45-9C88-078F42345E6E}.Debug|Any CPU.Build.0 = Debug|Any CPU
		{FD388391-E5FD-4D45-9C88-078F42345E6E}.Release|Any CPU.ActiveCfg = Release|Any CPU
		{FD388391-E5FD-4D45-9C88-078F42345E6E}.Release|Any CPU.Build.0 = Release|Any CPU
	EndGlobalSection
	GlobalSection(SolutionProperties) = preSolution
		HideSolutionNode = FALSE
	EndGlobalSection
	GlobalSection(ExtensibilityGlobals) = postSolution
		SolutionGuid = {9A4B82BC-EADE-4992-B256-0D4B1FE0A4FA}
	EndGlobalSection
EndGlobal
